// !$*UTF8*$!
{
	archiveVersion = 1;
	classes = {
	};
	objectVersion = 46;
	objects = {

/* Begin PBXBuildFile section */
		3AD464B7DDCD7849C933887E /* Pods_Exemple.framework in Frameworks */ = {isa = PBXBuildFile; fileRef = EA00D310F87B11C9FA104AF6 /* Pods_Exemple.framework */; };
		D23C1FB61BDFFD1A00D44192 /* AppDelegate.swift in Sources */ = {isa = PBXBuildFile; fileRef = D23C1FB51BDFFD1A00D44192 /* AppDelegate.swift */; };
		D23C1FBB1BDFFD1A00D44192 /* Main.storyboard in Resources */ = {isa = PBXBuildFile; fileRef = D23C1FB91BDFFD1A00D44192 /* Main.storyboard */; };
		D23C1FBD1BDFFD1A00D44192 /* Assets.xcassets in Resources */ = {isa = PBXBuildFile; fileRef = D23C1FBC1BDFFD1A00D44192 /* Assets.xcassets */; };
		D23C1FC01BDFFD1A00D44192 /* LaunchScreen.storyboard in Resources */ = {isa = PBXBuildFile; fileRef = D23C1FBE1BDFFD1A00D44192 /* LaunchScreen.storyboard */; };
		D284C1261D493BD2002BEA68 /* ExempleViewController.swift in Sources */ = {isa = PBXBuildFile; fileRef = D284C1251D493BD2002BEA68 /* ExempleViewController.swift */; };
/* End PBXBuildFile section */

/* Begin PBXFileReference section */
		2D13ABDFC150D98A2F44B2DE /* Pods-Exemple.debug.xcconfig */ = {isa = PBXFileReference; includeInIndex = 1; lastKnownFileType = text.xcconfig; name = "Pods-Exemple.debug.xcconfig"; path = "Pods/Target Support Files/Pods-Exemple/Pods-Exemple.debug.xcconfig"; sourceTree = "<group>"; };
		65649D4FA8E5DD4AEC2EF0F9 /* Pods-Exemple.release.xcconfig */ = {isa = PBXFileReference; includeInIndex = 1; lastKnownFileType = text.xcconfig; name = "Pods-Exemple.release.xcconfig"; path = "Pods/Target Support Files/Pods-Exemple/Pods-Exemple.release.xcconfig"; sourceTree = "<group>"; };
		BF943FE05E09C1AF1FF3210A /* Pods.framework */ = {isa = PBXFileReference; explicitFileType = wrapper.framework; includeInIndex = 0; path = Pods.framework; sourceTree = BUILT_PRODUCTS_DIR; };
		D23C1FB21BDFFD1A00D44192 /* Exemple.app */ = {isa = PBXFileReference; explicitFileType = wrapper.application; includeInIndex = 0; path = Exemple.app; sourceTree = BUILT_PRODUCTS_DIR; };
		D23C1FB51BDFFD1A00D44192 /* AppDelegate.swift */ = {isa = PBXFileReference; lastKnownFileType = sourcecode.swift; path = AppDelegate.swift; sourceTree = "<group>"; };
		D23C1FBA1BDFFD1A00D44192 /* Base */ = {isa = PBXFileReference; lastKnownFileType = file.storyboard; name = Base; path = Base.lproj/Main.storyboard; sourceTree = "<group>"; };
		D23C1FBC1BDFFD1A00D44192 /* Assets.xcassets */ = {isa = PBXFileReference; lastKnownFileType = folder.assetcatalog; path = Assets.xcassets; sourceTree = "<group>"; };
		D23C1FBF1BDFFD1A00D44192 /* Base */ = {isa = PBXFileReference; lastKnownFileType = file.storyboard; name = Base; path = Base.lproj/LaunchScreen.storyboard; sourceTree = "<group>"; };
		D23C1FC11BDFFD1A00D44192 /* Info.plist */ = {isa = PBXFileReference; lastKnownFileType = text.plist.xml; path = Info.plist; sourceTree = "<group>"; };
		D284C1251D493BD2002BEA68 /* ExempleViewController.swift */ = {isa = PBXFileReference; fileEncoding = 4; lastKnownFileType = sourcecode.swift; path = ExempleViewController.swift; sourceTree = "<group>"; };
		EA00D310F87B11C9FA104AF6 /* Pods_Exemple.framework */ = {isa = PBXFileReference; explicitFileType = wrapper.framework; includeInIndex = 0; path = Pods_Exemple.framework; sourceTree = BUILT_PRODUCTS_DIR; };
/* End PBXFileReference section */

/* Begin PBXFrameworksBuildPhase section */
		D23C1FAF1BDFFD1A00D44192 /* Frameworks */ = {
			isa = PBXFrameworksBuildPhase;
			buildActionMask = 2147483647;
			files = (
				3AD464B7DDCD7849C933887E /* Pods_Exemple.framework in Frameworks */,
			);
			runOnlyForDeploymentPostprocessing = 0;
		};
/* End PBXFrameworksBuildPhase section */

/* Begin PBXGroup section */
		AD8930EE7786B6A286587016 /* Pods */ = {
			isa = PBXGroup;
			children = (
				2D13ABDFC150D98A2F44B2DE /* Pods-Exemple.debug.xcconfig */,
				65649D4FA8E5DD4AEC2EF0F9 /* Pods-Exemple.release.xcconfig */,
			);
			name = Pods;
			sourceTree = "<group>";
		};
		B42B92818C4D6A217BD2E762 /* Frameworks */ = {
			isa = PBXGroup;
			children = (
				BF943FE05E09C1AF1FF3210A /* Pods.framework */,
				EA00D310F87B11C9FA104AF6 /* Pods_Exemple.framework */,
			);
			name = Frameworks;
			sourceTree = "<group>";
		};
		D23C1FA91BDFFD1A00D44192 = {
			isa = PBXGroup;
			children = (
				D23C1FB41BDFFD1A00D44192 /* Exemple */,
				D23C1FB31BDFFD1A00D44192 /* Products */,
				B42B92818C4D6A217BD2E762 /* Frameworks */,
				AD8930EE7786B6A286587016 /* Pods */,
			);
			sourceTree = "<group>";
		};
		D23C1FB31BDFFD1A00D44192 /* Products */ = {
			isa = PBXGroup;
			children = (
				D23C1FB21BDFFD1A00D44192 /* Exemple.app */,
			);
			name = Products;
			sourceTree = "<group>";
		};
		D23C1FB41BDFFD1A00D44192 /* Exemple */ = {
			isa = PBXGroup;
			children = (
				D23C1FB51BDFFD1A00D44192 /* AppDelegate.swift */,
				D23C1FB91BDFFD1A00D44192 /* Main.storyboard */,
				D23C1FBC1BDFFD1A00D44192 /* Assets.xcassets */,
				D23C1FBE1BDFFD1A00D44192 /* LaunchScreen.storyboard */,
				D23C1FC11BDFFD1A00D44192 /* Info.plist */,
				D284C1251D493BD2002BEA68 /* ExempleViewController.swift */,
			);
			path = Exemple;
			sourceTree = "<group>";
		};
/* End PBXGroup section */

/* Begin PBXNativeTarget section */
		D23C1FB11BDFFD1A00D44192 /* Exemple */ = {
			isa = PBXNativeTarget;
			buildConfigurationList = D23C1FC41BDFFD1A00D44192 /* Build configuration list for PBXNativeTarget "Exemple" */;
			buildPhases = (
				F2EC0A24A8FD8E6723B3FEDD /* [CP] Check Pods Manifest.lock */,
				D23C1FAE1BDFFD1A00D44192 /* Sources */,
				D23C1FAF1BDFFD1A00D44192 /* Frameworks */,
				D23C1FB01BDFFD1A00D44192 /* Resources */,
				25C5D1B67C5B9625960C59CD /* [CP] Embed Pods Frameworks */,
			);
			buildRules = (
			);
			dependencies = (
			);
			name = Exemple;
			productName = Exemple;
			productReference = D23C1FB21BDFFD1A00D44192 /* Exemple.app */;
			productType = "com.apple.product-type.application";
		};
/* End PBXNativeTarget section */

/* Begin PBXProject section */
		D23C1FAA1BDFFD1A00D44192 /* Project object */ = {
			isa = PBXProject;
			attributes = {
				LastSwiftUpdateCheck = 0710;
				LastUpgradeCheck = 1400;
				ORGANIZATIONNAME = antoninbiret;
				TargetAttributes = {
					D23C1FB11BDFFD1A00D44192 = {
						CreatedOnToolsVersion = 7.1;
						LastSwiftMigration = 0900;
					};
				};
			};
			buildConfigurationList = D23C1FAD1BDFFD1A00D44192 /* Build configuration list for PBXProject "Exemple" */;
			compatibilityVersion = "Xcode 3.2";
			developmentRegion = en;
			hasScannedForEncodings = 0;
			knownRegions = (
				en,
				Base,
			);
			mainGroup = D23C1FA91BDFFD1A00D44192;
			productRefGroup = D23C1FB31BDFFD1A00D44192 /* Products */;
			projectDirPath = "";
			projectRoot = "";
			targets = (
				D23C1FB11BDFFD1A00D44192 /* Exemple */,
			);
		};
/* End PBXProject section */

/* Begin PBXResourcesBuildPhase section */
		D23C1FB01BDFFD1A00D44192 /* Resources */ = {
			isa = PBXResourcesBuildPhase;
			buildActionMask = 2147483647;
			files = (
				D23C1FC01BDFFD1A00D44192 /* LaunchScreen.storyboard in Resources */,
				D23C1FBD1BDFFD1A00D44192 /* Assets.xcassets in Resources */,
				D23C1FBB1BDFFD1A00D44192 /* Main.storyboard in Resources */,
			);
			runOnlyForDeploymentPostprocessing = 0;
		};
/* End PBXResourcesBuildPhase section */

/* Begin PBXShellScriptBuildPhase section */
		25C5D1B67C5B9625960C59CD /* [CP] Embed Pods Frameworks */ = {
			isa = PBXShellScriptBuildPhase;
			buildActionMask = 2147483647;
			files = (
			);
			inputPaths = (
				"${SRCROOT}/Pods/Target Support Files/Pods-Exemple/Pods-Exemple-frameworks.sh",
				"${BUILT_PRODUCTS_DIR}/ABSteppedProgressBar/ABSteppedProgressBar.framework",
			);
			name = "[CP] Embed Pods Frameworks";
			outputPaths = (
				"${TARGET_BUILD_DIR}/${FRAMEWORKS_FOLDER_PATH}/ABSteppedProgressBar.framework",
			);
			runOnlyForDeploymentPostprocessing = 0;
			shellPath = /bin/sh;
			shellScript = "\"${SRCROOT}/Pods/Target Support Files/Pods-Exemple/Pods-Exemple-frameworks.sh\"\n";
			showEnvVarsInLog = 0;
		};
		F2EC0A24A8FD8E6723B3FEDD /* [CP] Check Pods Manifest.lock */ = {
			isa = PBXShellScriptBuildPhase;
			buildActionMask = 2147483647;
			files = (
			);
			inputPaths = (
				"${PODS_PODFILE_DIR_PATH}/Podfile.lock",
				"${PODS_ROOT}/Manifest.lock",
			);
			name = "[CP] Check Pods Manifest.lock";
			outputPaths = (
				"$(DERIVED_FILE_DIR)/Pods-Exemple-checkManifestLockResult.txt",
			);
			runOnlyForDeploymentPostprocessing = 0;
			shellPath = /bin/sh;
			shellScript = "diff \"${PODS_PODFILE_DIR_PATH}/Podfile.lock\" \"${PODS_ROOT}/Manifest.lock\" > /dev/null\nif [ $? != 0 ] ; then\n    # print error to STDERR\n    echo \"error: The sandbox is not in sync with the Podfile.lock. Run 'pod install' or update your CocoaPods installation.\" >&2\n    exit 1\nfi\n# This output is used by Xcode 'outputs' to avoid re-running this script phase.\necho \"SUCCESS\" > \"${SCRIPT_OUTPUT_FILE_0}\"\n";
			showEnvVarsInLog = 0;
		};
/* End PBXShellScriptBuildPhase section */

/* Begin PBXSourcesBuildPhase section */
		D23C1FAE1BDFFD1A00D44192 /* Sources */ = {
			isa = PBXSourcesBuildPhase;
			buildActionMask = 2147483647;
			files = (
				D284C1261D493BD2002BEA68 /* ExempleViewController.swift in Sources */,
				D23C1FB61BDFFD1A00D44192 /* AppDelegate.swift in Sources */,
			);
			runOnlyForDeploymentPostprocessing = 0;
		};
/* End PBXSourcesBuildPhase section */

/* Begin PBXVariantGroup section */
		D23C1FB91BDFFD1A00D44192 /* Main.storyboard */ = {
			isa = PBXVariantGroup;
			children = (
				D23C1FBA1BDFFD1A00D44192 /* Base */,
			);
			name = Main.storyboard;
			sourceTree = "<group>";
		};
		D23C1FBE1BDFFD1A00D44192 /* LaunchScreen.storyboard */ = {
			isa = PBXVariantGroup;
			children = (
				D23C1FBF1BDFFD1A00D44192 /* Base */,
			);
			name = LaunchScreen.storyboard;
			sourceTree = "<group>";
		};
/* End PBXVariantGroup section */

/* Begin XCBuildConfiguration section */
		D23C1FC21BDFFD1A00D44192 /* Debug */ = {
			isa = XCBuildConfiguration;
			buildSettings = {
				ALWAYS_EMBED_SWIFT_STANDARD_LIBRARIES = "$(inherited)";
				ALWAYS_SEARCH_USER_PATHS = NO;
				CLANG_ANALYZER_LOCALIZABILITY_NONLOCALIZED = YES;
				CLANG_CXX_LANGUAGE_STANDARD = "gnu++0x";
				CLANG_CXX_LIBRARY = "libc++";
				CLANG_ENABLE_MODULES = YES;
				CLANG_ENABLE_OBJC_ARC = YES;
				CLANG_WARN_BLOCK_CAPTURE_AUTORELEASING = YES;
				CLANG_WARN_BOOL_CONVERSION = YES;
				CLANG_WARN_COMMA = YES;
				CLANG_WARN_CONSTANT_CONVERSION = YES;
				CLANG_WARN_DEPRECATED_OBJC_IMPLEMENTATIONS = YES;
				CLANG_WARN_DIRECT_OBJC_ISA_USAGE = YES_ERROR;
				CLANG_WARN_EMPTY_BODY = YES;
				CLANG_WARN_ENUM_CONVERSION = YES;
				CLANG_WARN_INFINITE_RECURSION = YES;
				CLANG_WARN_INT_CONVERSION = YES;
				CLANG_WARN_NON_LITERAL_NULL_CONVERSION = YES;
				CLANG_WARN_OBJC_IMPLICIT_RETAIN_SELF = YES;
				CLANG_WARN_OBJC_LITERAL_CONVERSION = YES;
				CLANG_WARN_OBJC_ROOT_CLASS = YES_ERROR;
				CLANG_WARN_QUOTED_INCLUDE_IN_FRAMEWORK_HEADER = YES;
				CLANG_WARN_RANGE_LOOP_ANALYSIS = YES;
				CLANG_WARN_STRICT_PROTOTYPES = YES;
				CLANG_WARN_SUSPICIOUS_MOVE = YES;
				CLANG_WARN_UNREACHABLE_CODE = YES;
				CLANG_WARN__DUPLICATE_METHOD_MATCH = YES;
				"CODE_SIGN_IDENTITY[sdk=iphoneos*]" = "iPhone Developer";
				COPY_PHASE_STRIP = NO;
				DEBUG_INFORMATION_FORMAT = dwarf;
				ENABLE_STRICT_OBJC_MSGSEND = YES;
				ENABLE_TESTABILITY = YES;
				GCC_C_LANGUAGE_STANDARD = gnu99;
				GCC_DYNAMIC_NO_PIC = NO;
				GCC_NO_COMMON_BLOCKS = YES;
				GCC_OPTIMIZATION_LEVEL = 0;
				GCC_PREPROCESSOR_DEFINITIONS = (
					"DEBUG=1",
					"$(inherited)",
				);
				GCC_WARN_64_TO_32_BIT_CONVERSION = YES;
				GCC_WARN_ABOUT_RETURN_TYPE = YES_ERROR;
				GCC_WARN_UNDECLARED_SELECTOR = YES;
				GCC_WARN_UNINITIALIZED_AUTOS = YES_AGGRESSIVE;
				GCC_WARN_UNUSED_FUNCTION = YES;
				GCC_WARN_UNUSED_VARIABLE = YES;
				IPHONEOS_DEPLOYMENT_TARGET = 11.0;
				MTL_ENABLE_DEBUG_INFO = YES;
				ONLY_ACTIVE_ARCH = YES;
				SDKROOT = iphoneos;
				SWIFT_OPTIMIZATION_LEVEL = "-Onone";
				TARGETED_DEVICE_FAMILY = "1,2";
			};
			name = Debug;
		};
		D23C1FC31BDFFD1A00D44192 /* Release */ = {
			isa = XCBuildConfiguration;
			buildSettings = {
				ALWAYS_EMBED_SWIFT_STANDARD_LIBRARIES = "$(inherited)";
				ALWAYS_SEARCH_USER_PATHS = NO;
				CLANG_ANALYZER_LOCALIZABILITY_NONLOCALIZED = YES;
				CLANG_CXX_LANGUAGE_STANDARD = "gnu++0x";
				CLANG_CXX_LIBRARY = "libc++";
				CLANG_ENABLE_MODULES = YES;
				CLANG_ENABLE_OBJC_ARC = YES;
				CLANG_WARN_BLOCK_CAPTURE_AUTORELEASING = YES;
				CLANG_WARN_BOOL_CONVERSION = YES;
				CLANG_WARN_COMMA = YES;
				CLANG_WARN_CONSTANT_CONVERSION = YES;
				CLANG_WARN_DEPRECATED_OBJC_IMPLEMENTATIONS = YES;
				CLANG_WARN_DIRECT_OBJC_ISA_USAGE = YES_ERROR;
				CLANG_WARN_EMPTY_BODY = YES;
				CLANG_WARN_ENUM_CONVERSION = YES;
				CLANG_WARN_INFINITE_RECURSION = YES;
				CLANG_WARN_INT_CONVERSION = YES;
				CLANG_WARN_NON_LITERAL_NULL_CONVERSION = YES;
				CLANG_WARN_OBJC_IMPLICIT_RETAIN_SELF = YES;
				CLANG_WARN_OBJC_LITERAL_CONVERSION = YES;
				CLANG_WARN_OBJC_ROOT_CLASS = YES_ERROR;
				CLANG_WARN_QUOTED_INCLUDE_IN_FRAMEWORK_HEADER = YES;
				CLANG_WARN_RANGE_LOOP_ANALYSIS = YES;
				CLANG_WARN_STRICT_PROTOTYPES = YES;
				CLANG_WARN_SUSPICIOUS_MOVE = YES;
				CLANG_WARN_UNREACHABLE_CODE = YES;
				CLANG_WARN__DUPLICATE_METHOD_MATCH = YES;
				"CODE_SIGN_IDENTITY[sdk=iphoneos*]" = "iPhone Developer";
				COPY_PHASE_STRIP = NO;
				DEBUG_INFORMATION_FORMAT = "dwarf-with-dsym";
				ENABLE_NS_ASSERTIONS = NO;
				ENABLE_STRICT_OBJC_MSGSEND = YES;
				GCC_C_LANGUAGE_STANDARD = gnu99;
				GCC_NO_COMMON_BLOCKS = YES;
				GCC_WARN_64_TO_32_BIT_CONVERSION = YES;
				GCC_WARN_ABOUT_RETURN_TYPE = YES_ERROR;
				GCC_WARN_UNDECLARED_SELECTOR = YES;
				GCC_WARN_UNINITIALIZED_AUTOS = YES_AGGRESSIVE;
				GCC_WARN_UNUSED_FUNCTION = YES;
				GCC_WARN_UNUSED_VARIABLE = YES;
				IPHONEOS_DEPLOYMENT_TARGET = 11.0;
				MTL_ENABLE_DEBUG_INFO = NO;
				SDKROOT = iphoneos;
				SWIFT_OPTIMIZATION_LEVEL = "-Owholemodule";
				TARGETED_DEVICE_FAMILY = "1,2";
				VALIDATE_PRODUCT = YES;
			};
			name = Release;
		};
		D23C1FC51BDFFD1A00D44192 /* Debug */ = {
			isa = XCBuildConfiguration;
			baseConfigurationReference = 2D13ABDFC150D98A2F44B2DE /* Pods-Exemple.debug.xcconfig */;
			buildSettings = {
				ALWAYS_EMBED_SWIFT_STANDARD_LIBRARIES = "$(inherited)";
				ASSETCATALOG_COMPILER_APPICON_NAME = AppIcon;
				INFOPLIST_FILE = Exemple/Info.plist;
				IPHONEOS_DEPLOYMENT_TARGET = 11.0;
				LD_RUNPATH_SEARCH_PATHS = "$(inherited) @executable_path/Frameworks";
				PRODUCT_BUNDLE_IDENTIFIER = fr.antoninbiret.Exemple;
				PRODUCT_NAME = "$(TARGET_NAME)";
				STRIP_INSTALLED_PRODUCT = NO;
				STRIP_STYLE = debugging;
				SWIFT_SWIFT3_OBJC_INFERENCE = Default;
				SWIFT_VERSION = 5.0;
			};
			name = Debug;
		};
		D23C1FC61BDFFD1A00D44192 /* Release */ = {
			isa = XCBuildConfiguration;
			baseConfigurationReference = 65649D4FA8E5DD4AEC2EF0F9 /* Pods-Exemple.release.xcconfig */;
			buildSettings = {
				ALWAYS_EMBED_SWIFT_STANDARD_LIBRARIES = "$(inherited)";
				ASSETCATALOG_COMPILER_APPICON_NAME = AppIcon;
				INFOPLIST_FILE = Exemple/Info.plist;
				IPHONEOS_DEPLOYMENT_TARGET = 11.0;
				LD_RUNPATH_SEARCH_PATHS = "$(inherited) @executable_path/Frameworks";
				PRODUCT_BUNDLE_IDENTIFIER = fr.antoninbiret.Exemple;
				PRODUCT_NAME = "$(TARGET_NAME)";
				STRIP_INSTALLED_PRODUCT = NO;
				STRIP_STYLE = debugging;
				SWIFT_SWIFT3_OBJC_INFERENCE = Default;
				SWIFT_VERSION = 5.0;
			};
			name = Release;
		};
/* End XCBuildConfiguration section */

/* Begin XCConfigurationList section */
		D23C1FAD1BDFFD1A00D44192 /* Build configuration list for PBXProject "Exemple" */ = {
			isa = XCConfigurationList;
			buildConfigurations = (
				D23C1FC21BDFFD1A00D44192 /* Debug */,
				D23C1FC31BDFFD1A00D44192 /* Release */,
			);
			defaultConfigurationIsVisible = 0;
			defaultConfigurationName = Release;
		};
		D23C1FC41BDFFD1A00D44192 /* Build configuration list for PBXNativeTarget "Exemple" */ = {
			isa = XCConfigurationList;
			buildConfigurations = (
				D23C1FC51BDFFD1A00D44192 /* Debug */,
				D23C1FC61BDFFD1A00D44192 /* Release */,
			);
			defaultConfigurationIsVisible = 0;
			defaultConfigurationName = Release;
		};
/* End XCConfigurationList section */
	};
	rootObject = D23C1FAA1BDFFD1A00D44192 /* Project object */;
}
