PODS:
  - ABSteppedProgressBar (0.0.4)

DEPENDENCIES:
  - ABSteppedProgressBar (from `../`)

EXTERNAL SOURCES:
  ABSteppedProgressBar:
    :path: ../

SPEC CHECKSUMS:
  ABSteppedProgressBar: 931e2f628e425cd3491a1db6efc59c12ff991981

PODFILE CHECKSUM: 6a8e347d3f7d25053b7843d2d2f4b942079e6494

COCOAPODS: 1.0.1
