PODS:
  - ABSteppedProgressBar (0.0.3)

DEPENDENCIES:
  - ABSteppedProgressBar (from `../`)

EXTERNAL SOURCES:
  ABSteppedProgressBar:
    :path: ../

SPEC CHECKSUMS:
  ABSteppedProgressBar: 2f4f51ad45a9610f15fb696e2447482e690210c5

PODFILE CHECKSUM: 6a8e347d3f7d25053b7843d2d2f4b942079e6494

COCOAPODS: 1.0.1
