PODS:
  - ABSteppedProgressBar (0.2.2)

DEPENDENCIES:
  - ABSteppedProgressBar (from `../`)

EXTERNAL SOURCES:
  ABSteppedProgressBar:
    :path: "../"

SPEC CHECKSUMS:
  ABSteppedProgressBar: 6a87cc6f804f2029ac3a7f60e0bc03260a799a34

PODFILE CHECKSUM: 9f34ce448a486bf215db79d2ce5332226e980332

COCOAPODS: 1.5.3
